// !$*UTF8*$!
{
	archiveVersion = 1;
	classes = {
	};
	objectVersion = 46;
	objects = {

/* Begin PBXBuildFile section */
		222CB403152AF8C000532832 /* OpenGL.framework in Frameworks */ = {isa = PBXBuildFile; fileRef = 222CB402152AF8C000532832 /* OpenGL.framework */; };
		222CB405152AF8D300532832 /* GLUT.framework in Frameworks */ = {isa = PBXBuildFile; fileRef = 222CB404152AF8D300532832 /* GLUT.framework */; };
		2232D2A115848D3700DF1F14 /* OpenAL.framework in Frameworks */ = {isa = PBXBuildFile; fileRef = 2232D2A015848D3700DF1F14 /* OpenAL.framework */; };
		226DECCC15302A80007095B8 /* perfume.cpp in Sources */ = {isa = PBXBuildFile; fileRef = 226DECCB15302A80007095B8 /* perfume.cpp */; };
		226DECCE15302AD8007095B8 /* bvh.cpp in Sources */ = {isa = PBXBuildFile; fileRef = 226DECCD15302AD8007095B8 /* bvh.cpp */; };
		22F8F23C1539258600DD5E20 /* wav.cpp in Sources */ = {isa = PBXBuildFile; fileRef = 22F8F23B1539258600DD5E20 /* wav.cpp */; };
/* End PBXBuildFile section */

/* Begin PBXCopyFilesBuildPhase section */
		222CB3F3152AF86100532832 /* CopyFiles */ = {
			isa = PBXCopyFilesBuildPhase;
			buildActionMask = 2147483647;
			dstPath = /usr/share/man/man1/;
			dstSubfolderSpec = 0;
			files = (
			);
			runOnlyForDeploymentPostprocessing = 1;
		};
/* End PBXCopyFilesBuildPhase section */

/* Begin PBXFileReference section */
		222CB3F5152AF86100532832 /* perfume */ = {isa = PBXFileReference; explicitFileType = "compiled.mach-o.executable"; includeInIndex = 0; path = perfume; sourceTree = BUILT_PRODUCTS_DIR; };
		222CB402152AF8C000532832 /* OpenGL.framework */ = {isa = PBXFileReference; lastKnownFileType = wrapper.framework; name = OpenGL.framework; path = System/Library/Frameworks/OpenGL.framework; sourceTree = SDKROOT; };
		222CB404152AF8D300532832 /* GLUT.framework */ = {isa = PBXFileReference; lastKnownFileType = wrapper.framework; name = GLUT.framework; path = System/Library/Frameworks/GLUT.framework; sourceTree = SDKROOT; };
		2232D2A015848D3700DF1F14 /* OpenAL.framework */ = {isa = PBXFileReference; lastKnownFileType = wrapper.framework; name = OpenAL.framework; path = System/Library/Frameworks/OpenAL.framework; sourceTree = SDKROOT; };
		226DECCB15302A80007095B8 /* perfume.cpp */ = {isa = PBXFileReference; fileEncoding = 4; lastKnownFileType = sourcecode.cpp.cpp; name = perfume.cpp; path = ../../src/perfume.cpp; sourceTree = SOURCE_ROOT; };
		226DECCD15302AD8007095B8 /* bvh.cpp */ = {isa = PBXFileReference; fileEncoding = 4; lastKnownFileType = sourcecode.cpp.cpp; name = bvh.cpp; path = ../../src/bvh.cpp; sourceTree = SOURCE_ROOT; };
		22F8F23B1539258600DD5E20 /* wav.cpp */ = {isa = PBXFileReference; fileEncoding = 4; lastKnownFileType = sourcecode.cpp.cpp; name = wav.cpp; path = ../../src/wav.cpp; sourceTree = SOURCE_ROOT; };
/* End PBXFileReference section */

/* Begin PBXFrameworksBuildPhase section */
		222CB3F2152AF86100532832 /* Frameworks */ = {
			isa = PBXFrameworksBuildPhase;
			buildActionMask = 2147483647;
			files = (
				2232D2A115848D3700DF1F14 /* OpenAL.framework in Frameworks */,
				222CB405152AF8D300532832 /* GLUT.framework in Frameworks */,
				222CB403152AF8C000532832 /* OpenGL.framework in Frameworks */,
			);
			runOnlyForDeploymentPostprocessing = 0;
		};
/* End PBXFrameworksBuildPhase section */

/* Begin PBXGroup section */
		222CB3EA152AF86100532832 = {
			isa = PBXGroup;
			children = (
				2232D2A015848D3700DF1F14 /* OpenAL.framework */,
				222CB404152AF8D300532832 /* GLUT.framework */,
				222CB402152AF8C000532832 /* OpenGL.framework */,
				222CB3F8152AF86100532832 /* src */,
				222CB3F6152AF86100532832 /* Products */,
			);
			sourceTree = "<group>";
		};
		222CB3F6152AF86100532832 /* Products */ = {
			isa = PBXGroup;
			children = (
				222CB3F5152AF86100532832 /* perfume */,
			);
			name = Products;
			sourceTree = "<group>";
		};
		222CB3F8152AF86100532832 /* src */ = {
			isa = PBXGroup;
			children = (
				22F8F23B1539258600DD5E20 /* wav.cpp */,
				226DECCD15302AD8007095B8 /* bvh.cpp */,
				226DECCB15302A80007095B8 /* perfume.cpp */,
			);
			name = src;
			path = perfume;
			sourceTree = "<group>";
		};
/* End PBXGroup section */

/* Begin PBXNativeTarget section */
		222CB3F4152AF86100532832 /* perfume */ = {
			isa = PBXNativeTarget;
			buildConfigurationList = 222CB3FF152AF86100532832 /* Build configuration list for PBXNativeTarget "perfume" */;
			buildPhases = (
				222CB3F1152AF86100532832 /* Sources */,
				222CB3F2152AF86100532832 /* Frameworks */,
				222CB3F3152AF86100532832 /* CopyFiles */,
			);
			buildRules = (
			);
			dependencies = (
			);
			name = perfume;
			productName = perfume;
			productReference = 222CB3F5152AF86100532832 /* perfume */;
			productType = "com.apple.product-type.tool";
		};
/* End PBXNativeTarget section */

/* Begin PBXProject section */
		222CB3EC152AF86100532832 /* Project object */ = {
			isa = PBXProject;
			attributes = {
				LastUpgradeCheck = 0420;
			};
			buildConfigurationList = 222CB3EF152AF86100532832 /* Build configuration list for PBXProject "perfume" */;
			compatibilityVersion = "Xcode 3.2";
			developmentRegion = English;
			hasScannedForEncodings = 0;
			knownRegions = (
				en,
			);
			mainGroup = 222CB3EA152AF86100532832;
			productRefGroup = 222CB3F6152AF86100532832 /* Products */;
			projectDirPath = "";
			projectRoot = "";
			targets = (
				222CB3F4152AF86100532832 /* perfume */,
			);
		};
/* End PBXProject section */

/* Begin PBXSourcesBuildPhase section */
		222CB3F1152AF86100532832 /* Sources */ = {
			isa = PBXSourcesBuildPhase;
			buildActionMask = 2147483647;
			files = (
				226DECCC15302A80007095B8 /* perfume.cpp in Sources */,
				226DECCE15302AD8007095B8 /* bvh.cpp in Sources */,
				22F8F23C1539258600DD5E20 /* wav.cpp in Sources */,
			);
			runOnlyForDeploymentPostprocessing = 0;
		};
/* End PBXSourcesBuildPhase section */

/* Begin XCBuildConfiguration section */
		222CB3FD152AF86100532832 /* Debug */ = {
			isa = XCBuildConfiguration;
			buildSettings = {
				ALWAYS_SEARCH_USER_PATHS = NO;
				ARCHS = "$(ARCHS_STANDARD_32_BIT)";
				COPY_PHASE_STRIP = NO;
				GCC_C_LANGUAGE_STANDARD = gnu99;
				GCC_DYNAMIC_NO_PIC = NO;
				GCC_ENABLE_OBJC_EXCEPTIONS = YES;
				GCC_OPTIMIZATION_LEVEL = 0;
				GCC_PREPROCESSOR_DEFINITIONS = (
					"DEBUG=1",
					"$(inherited)",
				);
				GCC_SYMBOLS_PRIVATE_EXTERN = NO;
				GCC_VERSION = com.apple.compilers.llvm.clang.1_0;
				GCC_WARN_64_TO_32_BIT_CONVERSION = YES;
				GCC_WARN_ABOUT_MISSING_PROTOTYPES = YES;
				GCC_WARN_ABOUT_RETURN_TYPE = YES;
				GCC_WARN_UNUSED_VARIABLE = YES;
				MACOSX_DEPLOYMENT_TARGET = 10.7;
				ONLY_ACTIVE_ARCH = YES;
				SDKROOT = macosx;
			};
			name = Debug;
		};
		222CB3FE152AF86100532832 /* Release */ = {
			isa = XCBuildConfiguration;
			buildSettings = {
				ALWAYS_SEARCH_USER_PATHS = NO;
				ARCHS = "$(ARCHS_STANDARD_32_BIT)";
				COPY_PHASE_STRIP = YES;
				DEBUG_INFORMATION_FORMAT = "dwarf-with-dsym";
				GCC_C_LANGUAGE_STANDARD = gnu99;
				GCC_ENABLE_OBJC_EXCEPTIONS = YES;
				GCC_VERSION = com.apple.compilers.llvm.clang.1_0;
				GCC_WARN_64_TO_32_BIT_CONVERSION = YES;
				GCC_WARN_ABOUT_MISSING_PROTOTYPES = YES;
				GCC_WARN_ABOUT_RETURN_TYPE = YES;
				GCC_WARN_UNUSED_VARIABLE = YES;
				MACOSX_DEPLOYMENT_TARGET = 10.7;
				SDKROOT = macosx;
			};
			name = Release;
		};
		222CB400152AF86100532832 /* Debug */ = {
			isa = XCBuildConfiguration;
			buildSettings = {
				PRODUCT_NAME = "$(TARGET_NAME)";
			};
			name = Debug;
		};
		222CB401152AF86100532832 /* Release */ = {
			isa = XCBuildConfiguration;
			buildSettings = {
				PRODUCT_NAME = "$(TARGET_NAME)";
			};
			name = Release;
		};
/* End XCBuildConfiguration section */

/* Begin XCConfigurationList section */
		222CB3EF152AF86100532832 /* Build configuration list for PBXProject "perfume" */ = {
			isa = XCConfigurationList;
			buildConfigurations = (
				222CB3FD152AF86100532832 /* Debug */,
				222CB3FE152AF86100532832 /* Release */,
			);
			defaultConfigurationIsVisible = 0;
			defaultConfigurationName = Release;
		};
		222CB3FF152AF86100532832 /* Build configuration list for PBXNativeTarget "perfume" */ = {
			isa = XCConfigurationList;
			buildConfigurations = (
				222CB400152AF86100532832 /* Debug */,
				222CB401152AF86100532832 /* Release */,
			);
			defaultConfigurationIsVisible = 0;
			defaultConfigurationName = Release;
		};
/* End XCConfigurationList section */
	};
	rootObject = 222CB3EC152AF86100532832 /* Project object */;
}
